
Microsoft Visual Studio Solution File, Format Version 12.00
# Visual Studio Version 17
VisualStudioVersion = 17.2.32630.192
MinimumVisualStudioVersion = 10.0.40219.1
Project("{FAE04EC0-301F-11D3-BF4B-00C04F79EFBC}") = "Owoce_Csharp_roz2_cw3", "Owoce_Csharp_roz2_cw3.csproj", "{E4C5C49F-CBD7-41D9-A340-D634B4209D3A}"
EndProject
Global
	GlobalSection(SolutionConfigurationPlatforms) = preSolution
		Debug|Any CPU = Debug|Any CPU
		Release|Any CPU = Release|Any CPU
	EndGlobalSection
	GlobalSection(ProjectConfigurationPlatforms) = postSolution
		{E4C5C49F-CBD7-41D9-A340-D634B4209D3A}.Debug|Any CPU.ActiveCfg = Debug|Any CPU
		{E4C5C49F-CBD7-41D9-A340-D634B4209D3A}.Debug|Any CPU.Build.0 = Debug|Any CPU
		{E4C5C49F-CBD7-41D9-A340-D634B4209D3A}.Release|Any CPU.ActiveCfg = Release|Any CPU
		{E4C5C49F-CBD7-41D9-A340-D634B4209D3A}.Release|Any CPU.Build.0 = Release|Any CPU
	EndGlobalSection
	GlobalSection(SolutionProperties) = preSolution
		HideSolutionNode = FALSE
	EndGlobalSection
	GlobalSection(ExtensibilityGlobals) = postSolution
		SolutionGuid = {C1B1DAF4-2595-4135-B41F-312D9AEA23C1}
	EndGlobalSection
EndGlobal
