
Microsoft Visual Studio Solution File, Format Version 12.00
# Visual Studio Version 17
VisualStudioVersion = 17.2.32630.192
MinimumVisualStudioVersion = 10.0.40219.1
Project("{FAE04EC0-301F-11D3-BF4B-00C04F79EFBC}") = "Owoce_Csharp_roz2_cw4", "Owoce_Csharp_roz2_cw4.csproj", "{7DCE0B55-6B16-4984-8A1B-F05971B3A33B}"
EndProject
Global
	GlobalSection(SolutionConfigurationPlatforms) = preSolution
		Debug|Any CPU = Debug|Any CPU
		Release|Any CPU = Release|Any CPU
	EndGlobalSection
	GlobalSection(ProjectConfigurationPlatforms) = postSolution
		{7DCE0B55-6B16-4984-8A1B-F05971B3A33B}.Debug|Any CPU.ActiveCfg = Debug|Any CPU
		{7DCE0B55-6B16-4984-8A1B-F05971B3A33B}.Debug|Any CPU.Build.0 = Debug|Any CPU
		{7DCE0B55-6B16-4984-8A1B-F05971B3A33B}.Release|Any CPU.ActiveCfg = Release|Any CPU
		{7DCE0B55-6B16-4984-8A1B-F05971B3A33B}.Release|Any CPU.Build.0 = Release|Any CPU
	EndGlobalSection
	GlobalSection(SolutionProperties) = preSolution
		HideSolutionNode = FALSE
	EndGlobalSection
	GlobalSection(ExtensibilityGlobals) = postSolution
		SolutionGuid = {E5E582AC-F3D3-49CF-BC99-5F69A9330B83}
	EndGlobalSection
EndGlobal
