
Microsoft Visual Studio Solution File, Format Version 12.00
# Visual Studio Version 17
VisualStudioVersion = 17.2.32630.192
MinimumVisualStudioVersion = 10.0.40219.1
Project("{FAE04EC0-301F-11D3-BF4B-00C04F79EFBC}") = "Owoce_Csharp_roz2_przyklad2_4", "Owoce_Csharp_roz2_przyklad2_4.csproj", "{C7B9A8E1-D544-4D23-9DA7-65701A577A68}"
EndProject
Global
	GlobalSection(SolutionConfigurationPlatforms) = preSolution
		Debug|Any CPU = Debug|Any CPU
		Release|Any CPU = Release|Any CPU
	EndGlobalSection
	GlobalSection(ProjectConfigurationPlatforms) = postSolution
		{C7B9A8E1-D544-4D23-9DA7-65701A577A68}.Debug|Any CPU.ActiveCfg = Debug|Any CPU
		{C7B9A8E1-D544-4D23-9DA7-65701A577A68}.Debug|Any CPU.Build.0 = Debug|Any CPU
		{C7B9A8E1-D544-4D23-9DA7-65701A577A68}.Release|Any CPU.ActiveCfg = Release|Any CPU
		{C7B9A8E1-D544-4D23-9DA7-65701A577A68}.Release|Any CPU.Build.0 = Release|Any CPU
	EndGlobalSection
	GlobalSection(SolutionProperties) = preSolution
		HideSolutionNode = FALSE
	EndGlobalSection
	GlobalSection(ExtensibilityGlobals) = postSolution
		SolutionGuid = {B89181EF-182B-4A8D-B5C4-A2E6346EDDD2}
	EndGlobalSection
EndGlobal
