
Microsoft Visual Studio Solution File, Format Version 12.00
# Visual Studio Version 17
VisualStudioVersion = 17.3.32929.385
MinimumVisualStudioVersion = 10.0.40219.1
Project("{FAE04EC0-301F-11D3-BF4B-00C04F79EFBC}") = "Owoce_Csharp_roz3_cw8", "Owoce_Csharp_roz3_cw8.csproj", "{F846FCFE-AF13-452C-97F5-854A98380FA1}"
EndProject
Global
	GlobalSection(SolutionConfigurationPlatforms) = preSolution
		Debug|Any CPU = Debug|Any CPU
		Release|Any CPU = Release|Any CPU
	EndGlobalSection
	GlobalSection(ProjectConfigurationPlatforms) = postSolution
		{F846FCFE-AF13-452C-97F5-854A98380FA1}.Debug|Any CPU.ActiveCfg = Debug|Any CPU
		{F846FCFE-AF13-452C-97F5-854A98380FA1}.Debug|Any CPU.Build.0 = Debug|Any CPU
		{F846FCFE-AF13-452C-97F5-854A98380FA1}.Release|Any CPU.ActiveCfg = Release|Any CPU
		{F846FCFE-AF13-452C-97F5-854A98380FA1}.Release|Any CPU.Build.0 = Release|Any CPU
	EndGlobalSection
	GlobalSection(SolutionProperties) = preSolution
		HideSolutionNode = FALSE
	EndGlobalSection
	GlobalSection(ExtensibilityGlobals) = postSolution
		SolutionGuid = {DE426147-3A42-438F-B9CE-A7AA143889E7}
	EndGlobalSection
EndGlobal
