
Microsoft Visual Studio Solution File, Format Version 12.00
# Visual Studio Version 17
VisualStudioVersion = 17.2.32630.192
MinimumVisualStudioVersion = 10.0.40219.1
Project("{FAE04EC0-301F-11D3-BF4B-00C04F79EFBC}") = "Owoce_Csharp_roz2_cw6", "Owoce_Csharp_roz2_cw6.csproj", "{660547D0-1115-41B9-9204-4432F007F268}"
EndProject
Global
	GlobalSection(SolutionConfigurationPlatforms) = preSolution
		Debug|Any CPU = Debug|Any CPU
		Release|Any CPU = Release|Any CPU
	EndGlobalSection
	GlobalSection(ProjectConfigurationPlatforms) = postSolution
		{660547D0-1115-41B9-9204-4432F007F268}.Debug|Any CPU.ActiveCfg = Debug|Any CPU
		{660547D0-1115-41B9-9204-4432F007F268}.Debug|Any CPU.Build.0 = Debug|Any CPU
		{660547D0-1115-41B9-9204-4432F007F268}.Release|Any CPU.ActiveCfg = Release|Any CPU
		{660547D0-1115-41B9-9204-4432F007F268}.Release|Any CPU.Build.0 = Release|Any CPU
	EndGlobalSection
	GlobalSection(SolutionProperties) = preSolution
		HideSolutionNode = FALSE
	EndGlobalSection
	GlobalSection(ExtensibilityGlobals) = postSolution
		SolutionGuid = {79B5B088-D2AD-4F8D-98CB-FBF0A86F11EE}
	EndGlobalSection
EndGlobal
