
Microsoft Visual Studio Solution File, Format Version 12.00
# Visual Studio Version 17
VisualStudioVersion = 17.3.32929.385
MinimumVisualStudioVersion = 10.0.40219.1
Project("{FAE04EC0-301F-11D3-BF4B-00C04F79EFBC}") = "Owoce_Csharp_roz3_cw9", "Owoce_Csharp_roz3_cw9.csproj", "{6CA7F7D5-B34E-4D5C-BDF0-314F9823ADF5}"
EndProject
Global
	GlobalSection(SolutionConfigurationPlatforms) = preSolution
		Debug|Any CPU = Debug|Any CPU
		Release|Any CPU = Release|Any CPU
	EndGlobalSection
	GlobalSection(ProjectConfigurationPlatforms) = postSolution
		{6CA7F7D5-B34E-4D5C-BDF0-314F9823ADF5}.Debug|Any CPU.ActiveCfg = Debug|Any CPU
		{6CA7F7D5-B34E-4D5C-BDF0-314F9823ADF5}.Debug|Any CPU.Build.0 = Debug|Any CPU
		{6CA7F7D5-B34E-4D5C-BDF0-314F9823ADF5}.Release|Any CPU.ActiveCfg = Release|Any CPU
		{6CA7F7D5-B34E-4D5C-BDF0-314F9823ADF5}.Release|Any CPU.Build.0 = Release|Any CPU
	EndGlobalSection
	GlobalSection(SolutionProperties) = preSolution
		HideSolutionNode = FALSE
	EndGlobalSection
	GlobalSection(ExtensibilityGlobals) = postSolution
		SolutionGuid = {2A7CCF19-E746-469D-859C-7A3F1C5C5F2F}
	EndGlobalSection
EndGlobal
