
Microsoft Visual Studio Solution File, Format Version 12.00
# Visual Studio Version 17
VisualStudioVersion = 17.2.32630.192
MinimumVisualStudioVersion = 10.0.40219.1
Project("{FAE04EC0-301F-11D3-BF4B-00C04F79EFBC}") = "Owoce_Csharp_roz2_prz2_PictureBox", "Owoce_Csharp_roz2_prz2_PictureBox.csproj", "{38435C38-7E29-4294-BAD6-C863E000781D}"
EndProject
Global
	GlobalSection(SolutionConfigurationPlatforms) = preSolution
		Debug|Any CPU = Debug|Any CPU
		Release|Any CPU = Release|Any CPU
	EndGlobalSection
	GlobalSection(ProjectConfigurationPlatforms) = postSolution
		{38435C38-7E29-4294-BAD6-C863E000781D}.Debug|Any CPU.ActiveCfg = Debug|Any CPU
		{38435C38-7E29-4294-BAD6-C863E000781D}.Debug|Any CPU.Build.0 = Debug|Any CPU
		{38435C38-7E29-4294-BAD6-C863E000781D}.Release|Any CPU.ActiveCfg = Release|Any CPU
		{38435C38-7E29-4294-BAD6-C863E000781D}.Release|Any CPU.Build.0 = Release|Any CPU
	EndGlobalSection
	GlobalSection(SolutionProperties) = preSolution
		HideSolutionNode = FALSE
	EndGlobalSection
	GlobalSection(ExtensibilityGlobals) = postSolution
		SolutionGuid = {BDD23AB9-0501-4A80-A5F8-02C40878DE9D}
	EndGlobalSection
EndGlobal
